version = 1
requires-python = ">=3.12"

[[package]]
name = "mtprotocrypt"
version = "1.2.6.5b0"
source = { registry = "https://pypi.org/simple" }
wheels = [
    { url = "https://files.pythonhosted.org/packages/70/cd/400ae8b4ad267c69f67a9223bbc006bd82a993bbb7d55708a3f389138a7a/mtprotocrypt-1.2.6.5b0-cp312-cp312-macosx_10_9_universal2.whl", hash = "sha256:8a6eec819f3d438edaac2b3047b74a2dd6865554cce36a0b006e7b63e1504895", size = 46615 },
    { url = "https://files.pythonhosted.org/packages/fa/87/fdd8916e014e12a58e3fff50721e644d3c708f4c4c4c7c7fe5bbbf355182/mtprotocrypt-1.2.6.5b0-cp312-cp312-macosx_10_9_x86_64.whl", hash = "sha256:acb99d984356e429a4b9385ae6260ed045c613f4a48275a5d4281b1775996d54", size = 30931 },
    { url = "https://files.pythonhosted.org/packages/f2/59/b3d8f79f87ee353f54d6a545ad826d210d4edc598467612d6d0cd408bb55/mtprotocrypt-1.2.6.5b0-cp312-cp312-macosx_11_0_arm64.whl", hash = "sha256:9abc0731d0b73c2a4e56aa453bb55dd6ff40da75fb6a3a4fa1aaebf7e60b82eb", size = 30719 },
    { url = "https://files.pythonhosted.org/packages/18/5f/ab364e334356bfa2b2f652cbe10f84b3902d290ac2448282aafe4d7bd4d3/mtprotocrypt-1.2.6.5b0-cp312-cp312-manylinux_2_17_x86_64.manylinux2014_x86_64.whl", hash = "sha256:c2c89667f007b1450ac0644a2c30c4743a23509477dd5576f1f7e6dbc7125f50", size = 47756 },
    { url = "https://files.pythonhosted.org/packages/d1/ed/356e681d364dbf3b7bdefc4dd5d0a6c72d930012d14654345c8d3c34aa01/mtprotocrypt-1.2.6.5b0-cp312-cp312-manylinux_2_5_i686.manylinux1_i686.manylinux_2_17_i686.manylinux2014_i686.whl", hash = "sha256:8ffbace445b2aeb1900bbcb5dc9e9b0ddaada829d4cc30759b937acbad0a17f7", size = 47297 },
    { url = "https://files.pythonhosted.org/packages/3d/67/9737825428c6907ae75e50cdf9a3b187421f73007601d428387b15f678c9/mtprotocrypt-1.2.6.5b0-cp312-cp312-musllinux_1_1_i686.whl", hash = "sha256:326481f8dbade6776ef4b9548ab5384c46c00e9c67f090b2195dd6ffe066ab8a", size = 51301 },
    { url = "https://files.pythonhosted.org/packages/c5/f0/cbd07a6f12eb2e29ef3b9fa00453da6643e9cd884ac2a27cc20909071e95/mtprotocrypt-1.2.6.5b0-cp312-cp312-musllinux_1_1_x86_64.whl", hash = "sha256:60a6d429d1c86f4f13cb7ae75a8101a3fb0aa1fd4635905cfc8b4b1e747267ef", size = 51573 },
    { url = "https://files.pythonhosted.org/packages/3e/85/7969dfb3e28e0e58f144306a2d86be8740235f3cbde2e35c29f89df7869e/mtprotocrypt-1.2.6.5b0-cp312-cp312-win32.whl", hash = "sha256:897d87faa52436aa8024a52ff294c06ce0aefdf72036307600e30d7024afbbf9", size = 31476 },
    { url = "https://files.pythonhosted.org/packages/b0/54/01120d44772957ec126538e68e3c26373ed313503201d75e88b953796c0f/mtprotocrypt-1.2.6.5b0-cp312-cp312-win_amd64.whl", hash = "sha256:9768fe1127f63a7ec03a6b93a38dbfa93f56bbb5d04ddba4112dbb58881453ed", size = 32324 },
]

[[package]]
name = "pyaes"
version = "1.6.1"
source = { registry = "https://pypi.org/simple" }
sdist = { url = "https://files.pythonhosted.org/packages/44/66/2c17bae31c906613795711fc78045c285048168919ace2220daa372c7d72/pyaes-1.6.1.tar.gz", hash = "sha256:02c1b1405c38d3c370b085fb952dd8bea3fadcee6411ad99f312cc129c536d8f", size = 28536 }

[[package]]
name = "pymediainfo-pyrofork"
version = "6.0.1"
source = { registry = "https://pypi.org/simple" }
sdist = { url = "https://files.pythonhosted.org/packages/28/79/0c9899bd353c05c93dd3289d6a4b078a3396acea0ca59750ac85915fa972/pymediainfo-pyrofork-6.0.1.tar.gz", hash = "sha256:42d109fcaae896033d4915bf73cb324a76d60a7ece43cb4daad6e06e2271177f", size = 446661 }
wheels = [
    { url = "https://files.pythonhosted.org/packages/20/31/8ad1c3d23a02104ed09bcdc10c207474659f537e3a4846eee3d4ce9ab196/pymediainfo_pyrofork-6.0.1-py2.py3-none-any.whl", hash = "sha256:54bd3d4b50c6cd40e779b23c8135b470ef38a873aa523b3a55cb001901890575", size = 9316 },
]

[[package]]
name = "pyrofork"
version = "2.3.43"
source = { registry = "https://pypi.org/simple" }
dependencies = [
    { name = "pyaes" },
    { name = "pymediainfo-pyrofork" },
    { name = "pysocks" },
]
sdist = { url = "https://files.pythonhosted.org/packages/85/64/d893dfa0b8384d658de9a05ed313842f0b04ceea72a67e2cb3bce8dce0f3/pyrofork-2.3.43.tar.gz", hash = "sha256:317b02726de080d41f1565fe8223091ec7723beb69a2108de495ebcf60925d16", size = 446910 }
wheels = [
    { url = "https://files.pythonhosted.org/packages/7f/71/175638ef4cafc3c54eb03b77bb1c8df858681b64e1055ac7cef37c8f52b1/pyrofork-2.3.43-py3-none-any.whl", hash = "sha256:181a931e8fc142d2a8b6c4bbc819d25b614e1aa70a09059ebfe8897d647b3c53", size = 4639922 },
]

[[package]]
name = "pysocks"
version = "1.7.1"
source = { registry = "https://pypi.org/simple" }
sdist = { url = "https://files.pythonhosted.org/packages/bd/11/293dd436aea955d45fc4e8a35b6ae7270f5b8e00b53cf6c024c83b657a11/PySocks-1.7.1.tar.gz", hash = "sha256:3f8804571ebe159c380ac6de37643bb4685970655d3bba243530d6558b799aa0", size = 284429 }
wheels = [
    { url = "https://files.pythonhosted.org/packages/8d/59/b4572118e098ac8e46e399a1dd0f2d85403ce8bbaad9ec79373ed6badaf9/PySocks-1.7.1-py3-none-any.whl", hash = "sha256:2725bd0a9925919b9b51739eea5f9e2bae91e83288108a9ad338b2e3a4435ee5", size = 16725 },
]

[[package]]
name = "python-dotenv"
version = "1.0.1"
source = { registry = "https://pypi.org/simple" }
sdist = { url = "https://files.pythonhosted.org/packages/bc/57/e84d88dfe0aec03b7a2d4327012c1627ab5f03652216c63d49846d7a6c58/python-dotenv-1.0.1.tar.gz", hash = "sha256:e324ee90a023d808f1959c46bcbc04446a10ced277783dc6ee09987c37ec10ca", size = 39115 }
wheels = [
    { url = "https://files.pythonhosted.org/packages/6a/3e/b68c118422ec867fa7ab88444e1274aa40681c606d59ac27de5a5588f082/python_dotenv-1.0.1-py3-none-any.whl", hash = "sha256:f7b63ef50f1b690dddf550d03497b66d609393b40b564ed0d674909a68ebf16a", size = 19863 },
]

[[package]]
name = "tguserbot-starter"
version = "0.1.0"
source = { virtual = "." }
dependencies = [
    { name = "mtprotocrypt" },
    { name = "pyrofork" },
    { name = "python-dotenv" },
]

[package.metadata]
requires-dist = [
    { name = "mtprotocrypt", specifier = ">=1.2.6.5b0" },
    { name = "pyrofork", specifier = ">=2.3.43" },
    { name = "python-dotenv", specifier = ">=1.0.1" },
]
